lockfileVersion: '9.0'

settings:
  autoInstallPeers: true
  excludeLinksFromLockfile: false

importers:

  .:
    dependencies:
      yaml:
        specifier: ^2.9.0
        version: 2.9.1
    devDependencies:
      '@deepseek-ai/dsh-llm':
        specifier: alpha
        version: 0.1.7-alpha.2(@deepseek-ai/cordis@4.0.4)

packages:

  '@deepseek-ai/cordis@4.0.4':
    resolution: {integrity: sha512-obgyxqWAmFn3Re8kvsuUnyW+ihrz6eJCnJO4fh1cQzDtmPYz/zzVeUkH9R94I0OwSVOocK67Kgakm04j/oQXzg==}
    hasBin: true
    peerDependencies:
      '@deepseek-ai/cordis-plugin-include': ~1.0.9
      '@deepseek-ai/cordis-plugin-loader': ~1.0.5
    peerDependenciesMeta:
      '@deepseek-ai/cordis-plugin-include':
        optional: true
      '@deepseek-ai/cordis-plugin-loader':
        optional: true

  '@deepseek-ai/cosmokit@1.8.5':
    resolution: {integrity: sha512-LXsrlem9z8dq4sLflj2yuCuYX7KqhdzF5hZly3eZyuTo8d6oDSOXuEgC5DbQWKW+lksm6zmOutQLsP/ma6wR6A==}

  '@deepseek-ai/dsh-brand@0.1.7-alpha.2':
    resolution: {integrity: sha512-0WLvVtzqj1c/lb4ZXCVn8wLETITswq4FOQlDW4F99844DsS/oEVpx15yZYSsTKCR24OMH2WQGNikSqRPEcpa1A==}
    peerDependencies:
      '@deepseek-ai/cordis': ~4.0.4

  '@deepseek-ai/dsh-llm@0.1.7-alpha.2':
    resolution: {integrity: sha512-pCYCDTbxFYCLwnhwJqau4SiQ7pv31Zfzk3IfIia87832Rzh6lPMGGgm4h5OSfJo0c/AxqChDhPrHsOvQ1sj67w==}
    peerDependencies:
      '@deepseek-ai/cordis': ~4.0.4

  '@deepseek-ai/dsh-timeout@0.1.7-alpha.2':
    resolution: {integrity: sha512-NB5PR6hwGVCns9uUpz5iou0dBcqzsj87h0b2ZpvyFRhDRP2VhItXhFDzQC/i0oN3ZvM6cjlY12rJ49NxS19kmg==}
    peerDependencies:
      '@deepseek-ai/cordis': ~4.0.4

  '@deepseek-ai/dsh-typert-protocol@0.1.7-alpha.2':
    resolution: {integrity: sha512-oaE3R5G+o2JFFxBo4koTP85TkIi2LiHhbCyglBIucPlhkTDbxfMhEyV2HfjcokSj7iFjQx+D3byMIOsQMF5RFw==}
    peerDependencies:
      '@deepseek-ai/cordis': ~4.0.4

  '@deepseek-ai/dsh-util-crypto@0.1.7-alpha.2':
    resolution: {integrity: sha512-vWku6bDu51rAqx0g12j9xh0S6FCSUYl6Lnb1seCVncz7jgCU6R8VA6b8WI8WQE0+wkrdRPbfhnKMF+9EsGTtUg==}
    peerDependencies:
      '@deepseek-ai/cordis': ~4.0.4

  '@deepseek-ai/dsh-util-values@0.1.7-alpha.2':
    resolution: {integrity: sha512-6nuFmklLPCLLvM6WV1hUOZkG2JLKaYktaSBFGIe//DkCwagyq2EiU4Yz8uUa6oWyhXmo0TQ9YcRuPAkWmn+m9Q==}
    peerDependencies:
      '@deepseek-ai/cordis': ~4.0.4

  '@deepseek-ai/schemastery@3.18.4':
    resolution: {integrity: sha512-SSXO6tYuyrIqKVbmOnIq0s+riUywYzouFMcnBluHF9n4KMo2G8HvEzhCYj6pj2617/glOjbJuVInJ9hfONsjkg==}

  '@standard-schema/spec@1.1.0':
    resolution: {integrity: sha512-l2aFy5jALhniG5HgqrD6jXLi/rUWrKvqN/qJx6yoJsgKhblVd+iqqU4RCXavm/jPityDo5TCvKMnpjKnOriy0w==}

  yaml@2.9.1:
    resolution: {integrity: sha512-3NxN8+78OdzbT7C/WjGsyfPAtJaN3FNDsWxv7Y7mcDsT/oOmgW8BpyQQFFBnvZE3j9Y2Sdz1ULFLezL7Eb2yFw==}
    engines: {node: '>= 14.6'}
    hasBin: true

  zod@4.6.5:
    resolution: {integrity: sha512-v5l/aFXZQeai4awLbOpSoHecE9UiMrnfx75tEXLjNonXVARxQ5mOeipTjROUchszUNCqnE+hqAMujRsRHsut2Q==}

snapshots:

  '@deepseek-ai/cordis@4.0.4':
    dependencies:
      '@deepseek-ai/cosmokit': 1.8.5
      '@standard-schema/spec': 1.1.0

  '@deepseek-ai/cosmokit@1.8.5': {}

  '@deepseek-ai/dsh-brand@0.1.7-alpha.2(@deepseek-ai/cordis@4.0.4)':
    dependencies:
      '@deepseek-ai/cordis': 4.0.4

  '@deepseek-ai/dsh-llm@0.1.7-alpha.2(@deepseek-ai/cordis@4.0.4)':
    dependencies:
      '@deepseek-ai/cordis': 4.0.4
      '@deepseek-ai/dsh-brand': 0.1.7-alpha.2(@deepseek-ai/cordis@4.0.4)
      '@deepseek-ai/dsh-timeout': 0.1.7-alpha.2(@deepseek-ai/cordis@4.0.4)
      '@deepseek-ai/dsh-typert-protocol': 0.1.7-alpha.2(@deepseek-ai/cordis@4.0.4)
      '@deepseek-ai/dsh-util-crypto': 0.1.7-alpha.2(@deepseek-ai/cordis@4.0.4)
      '@deepseek-ai/dsh-util-values': 0.1.7-alpha.2(@deepseek-ai/cordis@4.0.4)
      '@deepseek-ai/schemastery': 3.18.4
      zod: 4.6.5

  '@deepseek-ai/dsh-timeout@0.1.7-alpha.2(@deepseek-ai/cordis@4.0.4)':
    dependencies:
      '@deepseek-ai/cordis': 4.0.4

  '@deepseek-ai/dsh-typert-protocol@0.1.7-alpha.2(@deepseek-ai/cordis@4.0.4)':
    dependencies:
      '@deepseek-ai/cordis': 4.0.4
      '@deepseek-ai/dsh-brand': 0.1.7-alpha.2(@deepseek-ai/cordis@4.0.4)

  '@deepseek-ai/dsh-util-crypto@0.1.7-alpha.2(@deepseek-ai/cordis@4.0.4)':
    dependencies:
      '@deepseek-ai/cordis': 4.0.4

  '@deepseek-ai/dsh-util-values@0.1.7-alpha.2(@deepseek-ai/cordis@4.0.4)':
    dependencies:
      '@deepseek-ai/cordis': 4.0.4

  '@deepseek-ai/schemastery@3.18.4':
    dependencies:
      '@deepseek-ai/cosmokit': 1.8.5
      '@standard-schema/spec': 1.1.0

  '@standard-schema/spec@1.1.0': {}

  yaml@2.9.1: {}

  zod@4.6.5: {}
